annotated-types==0.8.0
attrs==26.1.0
certifi==2026.7.22
charset-normalizer==3.5.1
idna==3.19
jsonschema==4.25.1
jsonschema-path==0.3.4
jsonschema-specifications==2025.9.1
lazy-object-proxy==1.12.0
openapi-schema-validator==0.6.3
openapi-spec-validator==0.7.2
pathable==0.4.4
pydantic==2.12.5
pydantic_core==2.41.5
PyYAML==6.0.3
referencing==0.36.2
requests==2.34.2
rfc3339-validator==0.1.4
rpds-py==2026.6.3
six==1.17.0
typing-inspection==0.4.4
typing_extensions==4.16.0
urllib3==2.8.0
